
Microsoft Visual Studio Solution File, Format Version 12.00
# Visual Studio Version 17
VisualStudioVersion = 17.5.33516.290
MinimumVisualStudioVersion = 10.0.40219.1
Project("{FAE04EC0-301F-11D3-BF4B-00C04F79EFBC}") = "TransporteRodriguez", "TransporteRodriguez\TransporteRodriguez.csproj", "{5EC4B951-81F7-4C40-8535-4015BCB7D019}"
EndProject
Project("{FAE04EC0-301F-11D3-BF4B-00C04F79EFBC}") = "Enumerado", "Enumerado\Enumerado.csproj", "{D59C302D-8B05-41C1-9ABB-F3341E05BDC2}"
EndProject
Project("{FAE04EC0-301F-11D3-BF4B-00C04F79EFBC}") = "FrmLogueo", "FrmLogueo\FrmLogueo.csproj", "{0FD3FF4C-6906-4F97-B399-AFD9F6F8551C}"
EndProject
Global
	GlobalSection(SolutionConfigurationPlatforms) = preSolution
		Debug|Any CPU = Debug|Any CPU
		Release|Any CPU = Release|Any CPU
	EndGlobalSection
	GlobalSection(ProjectConfigurationPlatforms) = postSolution
		{5EC4B951-81F7-4C40-8535-4015BCB7D019}.Debug|Any CPU.ActiveCfg = Debug|Any CPU
		{5EC4B951-81F7-4C40-8535-4015BCB7D019}.Debug|Any CPU.Build.0 = Debug|Any CPU
		{5EC4B951-81F7-4C40-8535-4015BCB7D019}.Release|Any CPU.ActiveCfg = Release|Any CPU
		{5EC4B951-81F7-4C40-8535-4015BCB7D019}.Release|Any CPU.Build.0 = Release|Any CPU
		{D59C302D-8B05-41C1-9ABB-F3341E05BDC2}.Debug|Any CPU.ActiveCfg = Debug|Any CPU
		{D59C302D-8B05-41C1-9ABB-F3341E05BDC2}.Debug|Any CPU.Build.0 = Debug|Any CPU
		{D59C302D-8B05-41C1-9ABB-F3341E05BDC2}.Release|Any CPU.ActiveCfg = Release|Any CPU
		{D59C302D-8B05-41C1-9ABB-F3341E05BDC2}.Release|Any CPU.Build.0 = Release|Any CPU
		{0FD3FF4C-6906-4F97-B399-AFD9F6F8551C}.Debug|Any CPU.ActiveCfg = Debug|Any CPU
		{0FD3FF4C-6906-4F97-B399-AFD9F6F8551C}.Debug|Any CPU.Build.0 = Debug|Any CPU
		{0FD3FF4C-6906-4F97-B399-AFD9F6F8551C}.Release|Any CPU.ActiveCfg = Release|Any CPU
		{0FD3FF4C-6906-4F97-B399-AFD9F6F8551C}.Release|Any CPU.Build.0 = Release|Any CPU
	EndGlobalSection
	GlobalSection(SolutionProperties) = preSolution
		HideSolutionNode = FALSE
	EndGlobalSection
	GlobalSection(ExtensibilityGlobals) = postSolution
		SolutionGuid = {E9C5A2F1-E01B-475C-A570-D767A4680B47}
	EndGlobalSection
EndGlobal
